
Microsoft Visual Studio Solution File, Format Version 12.00
# Visual Studio Version 17
VisualStudioVersion = 17.2.32602.215
MinimumVisualStudioVersion = 10.0.40219.1
Project("{FAE04EC0-301F-11D3-BF4B-00C04F79EFBC}") = "WinFormPrac1", "WinFormPrac1.csproj", "{654B2CD1-7D37-4BCD-B7F6-ABC0618ABA00}"
EndProject
Global
	GlobalSection(SolutionConfigurationPlatforms) = preSolution
		Debug|Any CPU = Debug|Any CPU
		Release|Any CPU = Release|Any CPU
	EndGlobalSection
	GlobalSection(ProjectConfigurationPlatforms) = postSolution
		{654B2CD1-7D37-4BCD-B7F6-ABC0618ABA00}.Debug|Any CPU.ActiveCfg = Debug|Any CPU
		{654B2CD1-7D37-4BCD-B7F6-ABC0618ABA00}.Debug|Any CPU.Build.0 = Debug|Any CPU
		{654B2CD1-7D37-4BCD-B7F6-ABC0618ABA00}.Release|Any CPU.ActiveCfg = Release|Any CPU
		{654B2CD1-7D37-4BCD-B7F6-ABC0618ABA00}.Release|Any CPU.Build.0 = Release|Any CPU
	EndGlobalSection
	GlobalSection(SolutionProperties) = preSolution
		HideSolutionNode = FALSE
	EndGlobalSection
	GlobalSection(ExtensibilityGlobals) = postSolution
		SolutionGuid = {B216B83A-A3ED-494C-B9BF-99B6B85505A5}
	EndGlobalSection
EndGlobal
